
Microsoft Visual Studio Solution File, Format Version 12.00
# Visual Studio Version 16
VisualStudioVersion = 16.0.30225.117
MinimumVisualStudioVersion = 10.0.40219.1
Project("{FAE04EC0-301F-11D3-BF4B-00C04F79EFBC}") = "HOCC JIGs Printing Application", "HOCC JIGs Printing Application\HOCC JIGs Printing Application.csproj", "{BC1440FF-366D-44C7-805F-10E931AACFAD}"
EndProject
Project("{54435603-DBB4-11D2-8724-00A0C9A8B90C}") = "HOCC Label Printing Application", "HOCC Label Printing Application\HOCC Label Printing Application.vdproj", "{EC9DC75C-CDC3-4B77-B430-C6D301FEB9F3}"
EndProject
Global
	GlobalSection(SolutionConfigurationPlatforms) = preSolution
		Debug|Any CPU = Debug|Any CPU
		Release|Any CPU = Release|Any CPU
	EndGlobalSection
	GlobalSection(ProjectConfigurationPlatforms) = postSolution
		{BC1440FF-366D-44C7-805F-10E931AACFAD}.Debug|Any CPU.ActiveCfg = Debug|Any CPU
		{BC1440FF-366D-44C7-805F-10E931AACFAD}.Debug|Any CPU.Build.0 = Debug|Any CPU
		{BC1440FF-366D-44C7-805F-10E931AACFAD}.Release|Any CPU.ActiveCfg = Release|Any CPU
		{BC1440FF-366D-44C7-805F-10E931AACFAD}.Release|Any CPU.Build.0 = Release|Any CPU
		{EC9DC75C-CDC3-4B77-B430-C6D301FEB9F3}.Debug|Any CPU.ActiveCfg = Debug
		{EC9DC75C-CDC3-4B77-B430-C6D301FEB9F3}.Release|Any CPU.ActiveCfg = Release
	EndGlobalSection
	GlobalSection(SolutionProperties) = preSolution
		HideSolutionNode = FALSE
	EndGlobalSection
	GlobalSection(ExtensibilityGlobals) = postSolution
		SolutionGuid = {34DA97BB-CB19-449E-80DE-AFB789A40DA5}
	EndGlobalSection
EndGlobal
